{
  "name": "getStockPrice",
  "version": "1.0.0",
  "lockfileVersion": 1,
  "requires": true,
  "dependencies": {
    "@aws-crypto/ie11-detection": {
      "version": "1.0.0",
      "resolved": "https://registry.npmjs.org/@aws-crypto/ie11-detection/-/ie11-detection-1.0.0.tgz",
      "integrity": "sha512-kCKVhCF1oDxFYgQrxXmIrS5oaWulkvRcPz+QBDMsUr2crbF4VGgGT6+uQhSwJFdUAQ2A//Vq+uT83eJrkzFgXA==",
      "requires": {
        "tslib": "^1.11.1"
      },
      "dependencies": {
        "tslib": {
          "version": "1.14.1",
          "resolved": "https://registry.npmjs.org/tslib/-/tslib-1.14.1.tgz",
          "integrity": "sha512-Xni35NKzjgMrwevysHTCArtLDpPvye8zV/0E4EyYn43P7/7qvQwPh9BGkHewbMulVntbigmcT7rdX3BNo9wRJg=="
        }
      }
    },
    "@aws-crypto/sha256-browser": {
      "version": "1.1.1",
      "resolved": "https://registry.npmjs.org/@aws-crypto/sha256-browser/-/sha256-browser-1.1.1.tgz",
      "integrity": "sha512-nS4vdan97It6HcweV58WXtjPbPSc0JXd3sAwlw3Ou5Mc3WllSycAS32Tv2LRn8butNQoU9AE3jEQAOgiMdNC1Q==",
      "requires": {
        "@aws-crypto/ie11-detection": "^1.0.0",
        "@aws-crypto/sha256-js": "^1.1.0",
        "@aws-crypto/supports-web-crypto": "^1.0.0",
        "@aws-sdk/types": "^3.1.0",
        "@aws-sdk/util-locate-window": "^3.0.0",
        "@aws-sdk/util-utf8-browser": "^3.0.0",
        "tslib": "^1.11.1"
      },
      "dependencies": {
        "tslib": {
          "version": "1.14.1",
          "resolved": "https://registry.npmjs.org/tslib/-/tslib-1.14.1.tgz",
          "integrity": "sha512-Xni35NKzjgMrwevysHTCArtLDpPvye8zV/0E4EyYn43P7/7qvQwPh9BGkHewbMulVntbigmcT7rdX3BNo9wRJg=="
        }
      }
    },
    "@aws-crypto/sha256-js": {
      "version": "1.1.0",
      "resolved": "https://registry.npmjs.org/@aws-crypto/sha256-js/-/sha256-js-1.1.0.tgz",
      "integrity": "sha512-VIhuqbPgXDVr8sZe2yhgQcDRRmzf4CI8fmC1A3bHiRfE6wlz1d8KpeemqbuoEHotz/Dch9yOxlshyQDNjNFeHA==",
      "requires": {
        "@aws-sdk/types": "^3.1.0",
        "@aws-sdk/util-utf8-browser": "^3.0.0",
        "tslib": "^1.11.1"
      },
      "dependencies": {
        "tslib": {
          "version": "1.14.1",
          "resolved": "https://registry.npmjs.org/tslib/-/tslib-1.14.1.tgz",
          "integrity": "sha512-Xni35NKzjgMrwevysHTCArtLDpPvye8zV/0E4EyYn43P7/7qvQwPh9BGkHewbMulVntbigmcT7rdX3BNo9wRJg=="
        }
      }
    },
    "@aws-crypto/supports-web-crypto": {
      "version": "1.0.0",
      "resolved": "https://registry.npmjs.org/@aws-crypto/supports-web-crypto/-/supports-web-crypto-1.0.0.tgz",
      "integrity": "sha512-IHLfv+WmVH89EW4n6a5eE8/hUlz6qkWGMn/v4r5ZgzcXdTC5nolii2z3k46y01hWRiC2PPhOdeSLzMUCUMco7g==",
      "requires": {
        "tslib": "^1.11.1"
      },
      "dependencies": {
        "tslib": {
          "version": "1.14.1",
          "resolved": "https://registry.npmjs.org/tslib/-/tslib-1.14.1.tgz",
          "integrity": "sha512-Xni35NKzjgMrwevysHTCArtLDpPvye8zV/0E4EyYn43P7/7qvQwPh9BGkHewbMulVntbigmcT7rdX3BNo9wRJg=="
        }
      }
    },
    "@aws-sdk/abort-controller": {
      "version": "3.29.0",
      "resolved": "https://registry.npmjs.org/@aws-sdk/abort-controller/-/abort-controller-3.29.0.tgz",
      "integrity": "sha512-MLeexxMs06WkPKuA/ltOCA3TV+vN1WQjEhojNtylQzz/AJDDq4z/7nmIf4lJKM7h1PDuD4XHLPfbxNuv75mu6A==",
      "requires": {
        "@aws-sdk/types": "3.29.0",
        "tslib": "^2.3.0"
      }
    },
    "@aws-sdk/client-dynamodb": {
      "version": "3.31.0",
      "resolved": "https://registry.npmjs.org/@aws-sdk/client-dynamodb/-/client-dynamodb-3.31.0.tgz",
      "integrity": "sha512-J5V6DYQsTCgGRLQXl6UHgUP3dAP6WWjJsX7RP71iEM+vqalJvYUzfMU03SdwqmrQ00s/4fdzJOvVl1/LYwAhsA==",
      "requires": {
        "@aws-crypto/sha256-browser": "^1.0.0",
        "@aws-crypto/sha256-js": "^1.0.0",
        "@aws-sdk/client-sts": "3.31.0",
        "@aws-sdk/config-resolver": "3.30.0",
        "@aws-sdk/credential-provider-node": "3.31.0",
        "@aws-sdk/fetch-http-handler": "3.29.0",
        "@aws-sdk/hash-node": "3.29.0",
        "@aws-sdk/invalid-dependency": "3.29.0",
        "@aws-sdk/middleware-content-length": "3.29.0",
        "@aws-sdk/middleware-endpoint-discovery": "3.30.0",
        "@aws-sdk/middleware-host-header": "3.29.0",
        "@aws-sdk/middleware-logger": "3.29.0",
        "@aws-sdk/middleware-retry": "3.29.0",
        "@aws-sdk/middleware-serde": "3.29.0",
        "@aws-sdk/middleware-signing": "3.30.0",
        "@aws-sdk/middleware-stack": "3.29.0",
        "@aws-sdk/middleware-user-agent": "3.29.0",
        "@aws-sdk/node-config-provider": "3.29.0",
        "@aws-sdk/node-http-handler": "3.29.0",
        "@aws-sdk/protocol-http": "3.29.0",
        "@aws-sdk/smithy-client": "3.31.0",
        "@aws-sdk/types": "3.29.0",
        "@aws-sdk/url-parser": "3.29.0",
        "@aws-sdk/util-base64-browser": "3.29.0",
        "@aws-sdk/util-base64-node": "3.29.0",
        "@aws-sdk/util-body-length-browser": "3.29.0",
        "@aws-sdk/util-body-length-node": "3.29.0",
        "@aws-sdk/util-user-agent-browser": "3.29.0",
        "@aws-sdk/util-user-agent-node": "3.29.0",
        "@aws-sdk/util-utf8-browser": "3.29.0",
        "@aws-sdk/util-utf8-node": "3.29.0",
        "@aws-sdk/util-waiter": "3.29.0",
        "tslib": "^2.3.0",
        "uuid": "^8.3.2"
      }
    },
    "@aws-sdk/client-sso": {
      "version": "3.31.0",
      "resolved": "https://registry.npmjs.org/@aws-sdk/client-sso/-/client-sso-3.31.0.tgz",
      "integrity": "sha512-fbquWlOS8+uotT2aZexK/3g85NYt2T5LpfWnk9mPV5HWfoevqTz9kwsZEW4DTnW9zibRl89vwXKolNpyszuZnw==",
      "requires": {
        "@aws-crypto/sha256-browser": "^1.0.0",
        "@aws-crypto/sha256-js": "^1.0.0",
        "@aws-sdk/config-resolver": "3.30.0",
        "@aws-sdk/fetch-http-handler": "3.29.0",
        "@aws-sdk/hash-node": "3.29.0",
        "@aws-sdk/invalid-dependency": "3.29.0",
        "@aws-sdk/middleware-content-length": "3.29.0",
        "@aws-sdk/middleware-host-header": "3.29.0",
        "@aws-sdk/middleware-logger": "3.29.0",
        "@aws-sdk/middleware-retry": "3.29.0",
        "@aws-sdk/middleware-serde": "3.29.0",
        "@aws-sdk/middleware-stack": "3.29.0",
        "@aws-sdk/middleware-user-agent": "3.29.0",
        "@aws-sdk/node-config-provider": "3.29.0",
        "@aws-sdk/node-http-handler": "3.29.0",
        "@aws-sdk/protocol-http": "3.29.0",
        "@aws-sdk/smithy-client": "3.31.0",
        "@aws-sdk/types": "3.29.0",
        "@aws-sdk/url-parser": "3.29.0",
        "@aws-sdk/util-base64-browser": "3.29.0",
        "@aws-sdk/util-base64-node": "3.29.0",
        "@aws-sdk/util-body-length-browser": "3.29.0",
        "@aws-sdk/util-body-length-node": "3.29.0",
        "@aws-sdk/util-user-agent-browser": "3.29.0",
        "@aws-sdk/util-user-agent-node": "3.29.0",
        "@aws-sdk/util-utf8-browser": "3.29.0",
        "@aws-sdk/util-utf8-node": "3.29.0",
        "tslib": "^2.3.0"
      }
    },
    "@aws-sdk/client-sts": {
      "version": "3.31.0",
      "resolved": "https://registry.npmjs.org/@aws-sdk/client-sts/-/client-sts-3.31.0.tgz",
      "integrity": "sha512-XL8l88iUHPxfByFPp9a9eZV6Shb9QijHM+aGJPFU5zYvX3ruclfuBIs/3gLgqeX8rsmjt8AfeICxaP4BwJcaZA==",
      "requires": {
        "@aws-crypto/sha256-browser": "^1.0.0",
        "@aws-crypto/sha256-js": "^1.0.0",
        "@aws-sdk/config-resolver": "3.30.0",
        "@aws-sdk/credential-provider-node": "3.31.0",
        "@aws-sdk/fetch-http-handler": "3.29.0",
        "@aws-sdk/hash-node": "3.29.0",
        "@aws-sdk/invalid-dependency": "3.29.0",
        "@aws-sdk/middleware-content-length": "3.29.0",
        "@aws-sdk/middleware-host-header": "3.29.0",
        "@aws-sdk/middleware-logger": "3.29.0",
        "@aws-sdk/middleware-retry": "3.29.0",
        "@aws-sdk/middleware-sdk-sts": "3.30.0",
        "@aws-sdk/middleware-serde": "3.29.0",
        "@aws-sdk/middleware-signing": "3.30.0",
        "@aws-sdk/middleware-stack": "3.29.0",
        "@aws-sdk/middleware-user-agent": "3.29.0",
        "@aws-sdk/node-config-provider": "3.29.0",
        "@aws-sdk/node-http-handler": "3.29.0",
        "@aws-sdk/protocol-http": "3.29.0",
        "@aws-sdk/smithy-client": "3.31.0",
        "@aws-sdk/types": "3.29.0",
        "@aws-sdk/url-parser": "3.29.0",
        "@aws-sdk/util-base64-browser": "3.29.0",
        "@aws-sdk/util-base64-node": "3.29.0",
        "@aws-sdk/util-body-length-browser": "3.29.0",
        "@aws-sdk/util-body-length-node": "3.29.0",
        "@aws-sdk/util-user-agent-browser": "3.29.0",
        "@aws-sdk/util-user-agent-node": "3.29.0",
        "@aws-sdk/util-utf8-browser": "3.29.0",
        "@aws-sdk/util-utf8-node": "3.29.0",
        "entities": "2.2.0",
        "fast-xml-parser": "3.19.0",
        "tslib": "^2.3.0"
      }
    },
    "@aws-sdk/config-resolver": {
      "version": "3.30.0",
      "resolved": "https://registry.npmjs.org/@aws-sdk/config-resolver/-/config-resolver-3.30.0.tgz",
      "integrity": "sha512-1qb8WB2uiH2O1UYc98adfmQX3/Rxh1bwU1VW2FxEfCGBTT6wi+Ic1nVTdVy+2gd3usCeIim5mEs8REXgvjLENQ==",
      "requires": {
        "@aws-sdk/signature-v4": "3.30.0",
        "@aws-sdk/types": "3.29.0",
        "tslib": "^2.3.0"
      }
    },
    "@aws-sdk/credential-provider-env": {
      "version": "3.29.0",
      "resolved": "https://registry.npmjs.org/@aws-sdk/credential-provider-env/-/credential-provider-env-3.29.0.tgz",
      "integrity": "sha512-FUhdZODjkUeTFNfH7EnqN9piQwBR1gg+8NUJt6Rn7G4rj5lN2n2ryAatowIlzIB+/oWDvpPj+yMIE+XGjQrMhg==",
      "requires": {
        "@aws-sdk/property-provider": "3.29.0",
        "@aws-sdk/types": "3.29.0",
        "tslib": "^2.3.0"
      }
    },
    "@aws-sdk/credential-provider-imds": {
      "version": "3.29.0",
      "resolved": "https://registry.npmjs.org/@aws-sdk/credential-provider-imds/-/credential-provider-imds-3.29.0.tgz",
      "integrity": "sha512-sjyJrJoLhP2ekx+Z3m5g+/YIWYtuKII9eXuTTwRhzBKTpqv0WQm1ilISdNcz691JueF5jHQs4bP6FWk55RUWEg==",
      "requires": {
        "@aws-sdk/node-config-provider": "3.29.0",
        "@aws-sdk/property-provider": "3.29.0",
        "@aws-sdk/types": "3.29.0",
        "@aws-sdk/url-parser": "3.29.0",
        "tslib": "^2.3.0"
      }
    },
    "@aws-sdk/credential-provider-ini": {
      "version": "3.31.0",
      "resolved": "https://registry.npmjs.org/@aws-sdk/credential-provider-ini/-/credential-provider-ini-3.31.0.tgz",
      "integrity": "sha512-t95Gix2fWLIxrM2c2QZfRgJ1aCY1zGSlhb1JBlzPwxVRay7iUKa9U2dPoPhbOTsD1abQMjE4AnpDt9Bj+AXgyA==",
      "requires": {
        "@aws-sdk/credential-provider-env": "3.29.0",
        "@aws-sdk/credential-provider-imds": "3.29.0",
        "@aws-sdk/credential-provider-sso": "3.31.0",
        "@aws-sdk/credential-provider-web-identity": "3.29.0",
        "@aws-sdk/property-provider": "3.29.0",
        "@aws-sdk/shared-ini-file-loader": "3.29.0",
        "@aws-sdk/types": "3.29.0",
        "@aws-sdk/util-credentials": "3.29.0",
        "tslib": "^2.3.0"
      }
    },
    "@aws-sdk/credential-provider-node": {
      "version": "3.31.0",
      "resolved": "https://registry.npmjs.org/@aws-sdk/credential-provider-node/-/credential-provider-node-3.31.0.tgz",
      "integrity": "sha512-T5309Q/MPHmaKYX0gSo6dv8w1ll4wsXvAUDXFC3MMdL/WYBfYvJa9H5nB9D9bL0xmtsm9e3WtfAcvEkN8Qz1xg==",
      "requires": {
        "@aws-sdk/credential-provider-env": "3.29.0",
        "@aws-sdk/credential-provider-imds": "3.29.0",
        "@aws-sdk/credential-provider-ini": "3.31.0",
        "@aws-sdk/credential-provider-process": "3.29.0",
        "@aws-sdk/credential-provider-sso": "3.31.0",
        "@aws-sdk/credential-provider-web-identity": "3.29.0",
        "@aws-sdk/property-provider": "3.29.0",
        "@aws-sdk/shared-ini-file-loader": "3.29.0",
        "@aws-sdk/types": "3.29.0",
        "@aws-sdk/util-credentials": "3.29.0",
        "tslib": "^2.3.0"
      }
    },
    "@aws-sdk/credential-provider-process": {
      "version": "3.29.0",
      "resolved": "https://registry.npmjs.org/@aws-sdk/credential-provider-process/-/credential-provider-process-3.29.0.tgz",
      "integrity": "sha512-1dMq84uGh3zcu+/bGohibWYMSxcrjwaIAc4dBU/3+rkNzPPdRA83hzYS34EizQ61JQHnM3z/xX9SLMeaNRKaSA==",
      "requires": {
        "@aws-sdk/property-provider": "3.29.0",
        "@aws-sdk/shared-ini-file-loader": "3.29.0",
        "@aws-sdk/types": "3.29.0",
        "@aws-sdk/util-credentials": "3.29.0",
        "tslib": "^2.3.0"
      }
    },
    "@aws-sdk/credential-provider-sso": {
      "version": "3.31.0",
      "resolved": "https://registry.npmjs.org/@aws-sdk/credential-provider-sso/-/credential-provider-sso-3.31.0.tgz",
      "integrity": "sha512-x+xQvq8AFt+V1EpwRWa3Obsd1w2L7pQyP/P6O9Q5Enq6OwmdrM+i51jMD58QMRz4h+Ys5eaLLfi0wE0AjrUbng==",
      "requires": {
        "@aws-sdk/client-sso": "3.31.0",
        "@aws-sdk/property-provider": "3.29.0",
        "@aws-sdk/shared-ini-file-loader": "3.29.0",
        "@aws-sdk/types": "3.29.0",
        "@aws-sdk/util-credentials": "3.29.0",
        "tslib": "^2.3.0"
      }
    },
    "@aws-sdk/credential-provider-web-identity": {
      "version": "3.29.0",
      "resolved": "https://registry.npmjs.org/@aws-sdk/credential-provider-web-identity/-/credential-provider-web-identity-3.29.0.tgz",
      "integrity": "sha512-TwICG9y/iw08urlCymroQfRRJY++4JZwdhR0/2ycU+/Cgac6u4MfZsB1qD+u9+Q39/TqSz6QwtNhKLNdf0N23A==",
      "requires": {
        "@aws-sdk/property-provider": "3.29.0",
        "@aws-sdk/types": "3.29.0",
        "tslib": "^2.3.0"
      }
    },
    "@aws-sdk/endpoint-cache": {
      "version": "3.29.0",
      "resolved": "https://registry.npmjs.org/@aws-sdk/endpoint-cache/-/endpoint-cache-3.29.0.tgz",
      "integrity": "sha512-qsfijdlLtaV2CRabIhdhwYeXBINX1BaT3ND7uiYcRhF3i6AxF1lr4yBt7q4BesLJOL6UhYdQ0tXzsxba+bs8bA==",
      "requires": {
        "mnemonist": "0.38.3",
        "tslib": "^2.3.0"
      }
    },
    "@aws-sdk/fetch-http-handler": {
      "version": "3.29.0",
      "resolved": "https://registry.npmjs.org/@aws-sdk/fetch-http-handler/-/fetch-http-handler-3.29.0.tgz",
      "integrity": "sha512-rx+YlHFYzgGsCZMEvJBUdRsqfMGW4RY6J3USQvz63a32jVlMC3Kw9xINaXGhCEmOlUlzdeeIMQOZW5VxavLnjQ==",
      "requires": {
        "@aws-sdk/protocol-http": "3.29.0",
        "@aws-sdk/querystring-builder": "3.29.0",
        "@aws-sdk/types": "3.29.0",
        "@aws-sdk/util-base64-browser": "3.29.0",
        "tslib": "^2.3.0"
      }
    },
    "@aws-sdk/hash-node": {
      "version": "3.29.0",
      "resolved": "https://registry.npmjs.org/@aws-sdk/hash-node/-/hash-node-3.29.0.tgz",
      "integrity": "sha512-iANkXAGNgUSX17GjyTdrFRE357AmAgnIsuyKhuaK8vi4SPPxHYCyXOdxtUx5TjkzW4bUym3cRJS8zeirayTEHA==",
      "requires": {
        "@aws-sdk/types": "3.29.0",
        "@aws-sdk/util-buffer-from": "3.29.0",
        "tslib": "^2.3.0"
      }
    },
    "@aws-sdk/invalid-dependency": {
      "version": "3.29.0",
      "resolved": "https://registry.npmjs.org/@aws-sdk/invalid-dependency/-/invalid-dependency-3.29.0.tgz",
      "integrity": "sha512-0TyZZbPs5SWCF2tT1DXccK5SUx7/bDJCVojgBuW3QRJn9ta3US/u5l7w8k6jwWFU3CQhLAWuG0TD7FhATiM2HQ==",
      "requires": {
        "@aws-sdk/types": "3.29.0",
        "tslib": "^2.3.0"
      }
    },
    "@aws-sdk/is-array-buffer": {
      "version": "3.29.0",
      "resolved": "https://registry.npmjs.org/@aws-sdk/is-array-buffer/-/is-array-buffer-3.29.0.tgz",
      "integrity": "sha512-QqIhHGp2qTfDlW7uNh/T4kcyAU2TfxHA29cppQusuTJjploAXXMzvBdmxjFH1ZvPbKs0Rd7owQ0YnC9Lnq+Nzg==",
      "requires": {
        "tslib": "^2.3.0"
      }
    },
    "@aws-sdk/middleware-content-length": {
      "version": "3.29.0",
      "resolved": "https://registry.npmjs.org/@aws-sdk/middleware-content-length/-/middleware-content-length-3.29.0.tgz",
      "integrity": "sha512-g+tOOXQXqKG84XwFrJexZa2iTuYJce9jnjHV4vyfXwVuKrwuf+ZFguPZ4hzEd40vDo5aLM49JtF/OcO4plCneg==",
      "requires": {
        "@aws-sdk/protocol-http": "3.29.0",
        "@aws-sdk/types": "3.29.0",
        "tslib": "^2.3.0"
      }
    },
    "@aws-sdk/middleware-endpoint-discovery": {
      "version": "3.30.0",
      "resolved": "https://registry.npmjs.org/@aws-sdk/middleware-endpoint-discovery/-/middleware-endpoint-discovery-3.30.0.tgz",
      "integrity": "sha512-ypGfliYQPevHbJ5r4qotBTIH01OElAXcKwYZlT36wuSyvJeA/DOh7KEEi4H1LN5EtVi/dDTzgYgM8OiUOp3kRQ==",
      "requires": {
        "@aws-sdk/config-resolver": "3.30.0",
        "@aws-sdk/endpoint-cache": "3.29.0",
        "@aws-sdk/protocol-http": "3.29.0",
        "@aws-sdk/types": "3.29.0",
        "tslib": "^2.3.0"
      }
    },
    "@aws-sdk/middleware-host-header": {
      "version": "3.29.0",
      "resolved": "https://registry.npmjs.org/@aws-sdk/middleware-host-header/-/middleware-host-header-3.29.0.tgz",
      "integrity": "sha512-aBifr86Owrhvy29cvZD17JzdoTtKMxzdjCkMA7ckNP+9Lg7kLI/6ws1yZ6BJlmcOnKxtNSnkvunGmJy8BU8EWQ==",
      "requires": {
        "@aws-sdk/protocol-http": "3.29.0",
        "@aws-sdk/types": "3.29.0",
        "tslib": "^2.3.0"
      }
    },
    "@aws-sdk/middleware-logger": {
      "version": "3.29.0",
      "resolved": "https://registry.npmjs.org/@aws-sdk/middleware-logger/-/middleware-logger-3.29.0.tgz",
      "integrity": "sha512-0rLvuTvfaMWNb7+FApXAH0111FEp/AfG3fO7QkyVrXmHlTrNIJozilhkd0FwEMcQqqM9UK5lPLXwloH9Rkp9vw==",
      "requires": {
        "@aws-sdk/types": "3.29.0",
        "tslib": "^2.3.0"
      }
    },
    "@aws-sdk/middleware-retry": {
      "version": "3.29.0",
      "resolved": "https://registry.npmjs.org/@aws-sdk/middleware-retry/-/middleware-retry-3.29.0.tgz",
      "integrity": "sha512-yRQ48UIGPmK3/jWMJ2LC4trltFevMDEXyvtT6knwDnwXxmuwv7K6udk6TnGaUU5TlLVI1XdRQHaZY7xZH1KbGw==",
      "requires": {
        "@aws-sdk/protocol-http": "3.29.0",
        "@aws-sdk/service-error-classification": "3.29.0",
        "@aws-sdk/types": "3.29.0",
        "tslib": "^2.3.0",
        "uuid": "^8.3.2"
      }
    },
    "@aws-sdk/middleware-sdk-sts": {
      "version": "3.30.0",
      "resolved": "https://registry.npmjs.org/@aws-sdk/middleware-sdk-sts/-/middleware-sdk-sts-3.30.0.tgz",
      "integrity": "sha512-TZQQ0LA/rjYNgV+DbU0KvyHZaNhihrWf4IeJeKoez1vpvQmU58G5zAm0+rVHbzazJaOQuHYKKdPttOPxl/JAAg==",
      "requires": {
        "@aws-sdk/middleware-signing": "3.30.0",
        "@aws-sdk/property-provider": "3.29.0",
        "@aws-sdk/protocol-http": "3.29.0",
        "@aws-sdk/signature-v4": "3.30.0",
        "@aws-sdk/types": "3.29.0",
        "tslib": "^2.3.0"
      }
    },
    "@aws-sdk/middleware-serde": {
      "version": "3.29.0",
      "resolved": "https://registry.npmjs.org/@aws-sdk/middleware-serde/-/middleware-serde-3.29.0.tgz",
      "integrity": "sha512-jN6zuaXg3k9HiWJZjBROiVJEdFaZrMikhyVdqYTT3hR+i08M/9UgVuX84HP/dALChZazOn9MPhvPWGvxrMOr9A==",
      "requires": {
        "@aws-sdk/types": "3.29.0",
        "tslib": "^2.3.0"
      }
    },
    "@aws-sdk/middleware-signing": {
      "version": "3.30.0",
      "resolved": "https://registry.npmjs.org/@aws-sdk/middleware-signing/-/middleware-signing-3.30.0.tgz",
      "integrity": "sha512-T/zGCijEGODmpbS/HlwnxT0Bn69FhZpBrVAjfofLUFzHteJ5Ab2q7AEt1dOdi3GrtTGStdwbfiZVeTxMKIjaTw==",
      "requires": {
        "@aws-sdk/property-provider": "3.29.0",
        "@aws-sdk/protocol-http": "3.29.0",
        "@aws-sdk/signature-v4": "3.30.0",
        "@aws-sdk/types": "3.29.0",
        "tslib": "^2.3.0"
      }
    },
    "@aws-sdk/middleware-stack": {
      "version": "3.29.0",
      "resolved": "https://registry.npmjs.org/@aws-sdk/middleware-stack/-/middleware-stack-3.29.0.tgz",
      "integrity": "sha512-S6Jt108uxs/PEoLAgGow9SdMKWXhlg0EGgY77Z4pNPQDrBYoca2kwWeTsyTpgBXSsyV0z0WZB4TJK5/doGv6CA==",
      "requires": {
        "tslib": "^2.3.0"
      }
    },
    "@aws-sdk/middleware-user-agent": {
      "version": "3.29.0",
      "resolved": "https://registry.npmjs.org/@aws-sdk/middleware-user-agent/-/middleware-user-agent-3.29.0.tgz",
      "integrity": "sha512-AVbn9QEbqBgScaD3cxLv7/yi9Up10vYKy/AWIwgTrW0LxOuy9+Za2hdk5eZRP/QpqS/Ibz2/CqcmK1GQ/03kmg==",
      "requires": {
        "@aws-sdk/protocol-http": "3.29.0",
        "@aws-sdk/types": "3.29.0",
        "tslib": "^2.3.0"
      }
    },
    "@aws-sdk/node-config-provider": {
      "version": "3.29.0",
      "resolved": "https://registry.npmjs.org/@aws-sdk/node-config-provider/-/node-config-provider-3.29.0.tgz",
      "integrity": "sha512-ANRnPz4IT4FiSAc+9p0HqGSjL+cdzB2E68BFmbbGin0fZwhflX1BksjuUEibw8Emf8jvhvbUxdtAIUWctTYxOA==",
      "requires": {
        "@aws-sdk/property-provider": "3.29.0",
        "@aws-sdk/shared-ini-file-loader": "3.29.0",
        "@aws-sdk/types": "3.29.0",
        "tslib": "^2.3.0"
      }
    },
    "@aws-sdk/node-http-handler": {
      "version": "3.29.0",
      "resolved": "https://registry.npmjs.org/@aws-sdk/node-http-handler/-/node-http-handler-3.29.0.tgz",
      "integrity": "sha512-FnPdoK0hmEr2JO/g7MVE3oeC2TvMpoRDQqUnDrn9C1bzRzgzhHqGVyaiRmc1HECMKjPFYVn02NCzY4qx56K0Ag==",
      "requires": {
        "@aws-sdk/abort-controller": "3.29.0",
        "@aws-sdk/protocol-http": "3.29.0",
        "@aws-sdk/querystring-builder": "3.29.0",
        "@aws-sdk/types": "3.29.0",
        "tslib": "^2.3.0"
      }
    },
    "@aws-sdk/property-provider": {
      "version": "3.29.0",
      "resolved": "https://registry.npmjs.org/@aws-sdk/property-provider/-/property-provider-3.29.0.tgz",
      "integrity": "sha512-N2fd3H4mGGE51PgmMbEzBGSNwcyPkEgMxgfZsrQUaFh+CE5uuelOAL70Yzr4IZ4yZJvf1F9e8drtCuUcHnSUEw==",
      "requires": {
        "@aws-sdk/types": "3.29.0",
        "tslib": "^2.3.0"
      }
    },
    "@aws-sdk/protocol-http": {
      "version": "3.29.0",
      "resolved": "https://registry.npmjs.org/@aws-sdk/protocol-http/-/protocol-http-3.29.0.tgz",
      "integrity": "sha512-OIeJ7ukfgGkaIL0/NNM5sxIlfxtOqQN+KoaQ89YeLBlJPVoKnptAw+eWjjLwxLs+r/SbyZHXbBawP+sbzq0mSQ==",
      "requires": {
        "@aws-sdk/types": "3.29.0",
        "tslib": "^2.3.0"
      }
    },
    "@aws-sdk/querystring-builder": {
      "version": "3.29.0",
      "resolved": "https://registry.npmjs.org/@aws-sdk/querystring-builder/-/querystring-builder-3.29.0.tgz",
      "integrity": "sha512-htrHPmwGfWxl/Mt0JpR63NmlDtmwMJTjvLVrdbxBBXfjiyB8023lEFfyMSDHzD6fegQcw/rOwaliQNAuaVNnXQ==",
      "requires": {
        "@aws-sdk/types": "3.29.0",
        "@aws-sdk/util-uri-escape": "3.29.0",
        "tslib": "^2.3.0"
      }
    },
    "@aws-sdk/querystring-parser": {
      "version": "3.29.0",
      "resolved": "https://registry.npmjs.org/@aws-sdk/querystring-parser/-/querystring-parser-3.29.0.tgz",
      "integrity": "sha512-v22PBXafAHw+wMaSGbq4B9wEsSYV2e0nZgGHZBNML3HPDiAYJqsQHiYEbiz8nzkmoayU0wrVFZ/XfKNXXcXGbw==",
      "requires": {
        "@aws-sdk/types": "3.29.0",
        "tslib": "^2.3.0"
      }
    },
    "@aws-sdk/service-error-classification": {
      "version": "3.29.0",
      "resolved": "https://registry.npmjs.org/@aws-sdk/service-error-classification/-/service-error-classification-3.29.0.tgz",
      "integrity": "sha512-VqOjXXTLTGbifzg3Fg2g/Ac6W3uzC3llPZjm/b0goM17KLWMGU7JKiem2l+CFyN4sxkver7InNlIUJCJAPB6+Q=="
    },
    "@aws-sdk/shared-ini-file-loader": {
      "version": "3.29.0",
      "resolved": "https://registry.npmjs.org/@aws-sdk/shared-ini-file-loader/-/shared-ini-file-loader-3.29.0.tgz",
      "integrity": "sha512-x4Chk4+iMiYaxcomZjdg7IwU1mQhJ7iPl/3RrIqCShPIOZDwwH4vLl6Fw0bniOZiHK30JQ1wlAgLxzVP0JMHTw==",
      "requires": {
        "tslib": "^2.3.0"
      }
    },
    "@aws-sdk/signature-v4": {
      "version": "3.30.0",
      "resolved": "https://registry.npmjs.org/@aws-sdk/signature-v4/-/signature-v4-3.30.0.tgz",
      "integrity": "sha512-uBvut8RrhXGunTDYuJMALlV8IaFHyZHPzadhrqx12QJT+LQevSB4CR2WXZknz0JZ4HcFvpaJqbiionLobwVEuQ==",
      "requires": {
        "@aws-sdk/is-array-buffer": "3.29.0",
        "@aws-sdk/types": "3.29.0",
        "@aws-sdk/util-hex-encoding": "3.29.0",
        "@aws-sdk/util-uri-escape": "3.29.0",
        "tslib": "^2.3.0"
      }
    },
    "@aws-sdk/smithy-client": {
      "version": "3.31.0",
      "resolved": "https://registry.npmjs.org/@aws-sdk/smithy-client/-/smithy-client-3.31.0.tgz",
      "integrity": "sha512-QZHOMM6npFyDEW8wrp8rLs+YGZIPRfuItlWHm6Upejp6a7s1ksb/1c44vNeqwnAeUJrdXfOX9QFkbh1+gZF21A==",
      "requires": {
        "@aws-sdk/middleware-stack": "3.29.0",
        "@aws-sdk/types": "3.29.0",
        "tslib": "^2.3.0"
      }
    },
    "@aws-sdk/types": {
      "version": "3.29.0",
      "resolved": "https://registry.npmjs.org/@aws-sdk/types/-/types-3.29.0.tgz",
      "integrity": "sha512-8ilWQU5ZTdiRfblmmjl38+6JZKKM8EqA5Sbn8djgDLShCLeVJ2TsL2guzNi+WHcL7BHdv1pI/NNmTcgRUo6yOw=="
    },
    "@aws-sdk/url-parser": {
      "version": "3.29.0",
      "resolved": "https://registry.npmjs.org/@aws-sdk/url-parser/-/url-parser-3.29.0.tgz",
      "integrity": "sha512-385f+g4xeRym2S4bzF+Nc0MB8addAlCSb5hIUJu1JKH6FwFLrNRuixeaelGLyWr77xv25P0ruyXQAFf2ISxzKw==",
      "requires": {
        "@aws-sdk/querystring-parser": "3.29.0",
        "@aws-sdk/types": "3.29.0",
        "tslib": "^2.3.0"
      }
    },
    "@aws-sdk/util-base64-browser": {
      "version": "3.29.0",
      "resolved": "https://registry.npmjs.org/@aws-sdk/util-base64-browser/-/util-base64-browser-3.29.0.tgz",
      "integrity": "sha512-yMgn5vZ7laVO/497iPDjTdmia3sDdFBDq6k42EZxVTpkUcd8JS2nWJ+9ePuIMwqOgPjhhkOOXiidrbZaUQ+L6Q==",
      "requires": {
        "tslib": "^2.3.0"
      }
    },
    "@aws-sdk/util-base64-node": {
      "version": "3.29.0",
      "resolved": "https://registry.npmjs.org/@aws-sdk/util-base64-node/-/util-base64-node-3.29.0.tgz",
      "integrity": "sha512-4pRwjQ6+yS7SQm+yK3pchrsmGPEuoR2YiNsBG0LVNecQmnxWUbOhaEWIxXKTnAzs9bAt7AWEbLzsW8/cN/yTNw==",
      "requires": {
        "@aws-sdk/util-buffer-from": "3.29.0",
        "tslib": "^2.3.0"
      }
    },
    "@aws-sdk/util-body-length-browser": {
      "version": "3.29.0",
      "resolved": "https://registry.npmjs.org/@aws-sdk/util-body-length-browser/-/util-body-length-browser-3.29.0.tgz",
      "integrity": "sha512-cKSwlDlZkcxuhSdoiq1TxleaBvveEgKA2Yo4TYP4DKVPHZuYZtbFv8r1driml1SaIKXg4GQpe+pJit3mxDRxAg==",
      "requires": {
        "tslib": "^2.3.0"
      }
    },
    "@aws-sdk/util-body-length-node": {
      "version": "3.29.0",
      "resolved": "https://registry.npmjs.org/@aws-sdk/util-body-length-node/-/util-body-length-node-3.29.0.tgz",
      "integrity": "sha512-8rG65GMpsjVFd9jhx5y/dhwbJVIKq0OqwNRK+GoIVDo0KKaGtjNbCVHYYDjpwIuksZumiqvlC0E3AUcXn7p1rQ==",
      "requires": {
        "tslib": "^2.3.0"
      }
    },
    "@aws-sdk/util-buffer-from": {
      "version": "3.29.0",
      "resolved": "https://registry.npmjs.org/@aws-sdk/util-buffer-from/-/util-buffer-from-3.29.0.tgz",
      "integrity": "sha512-4ODxK5y/yONgsuc9SAzZ0j/v0IQkJVCRApziF4Q8NiZ1z9050nZ08rgTEhrTbWgLmDju4SDvJhn/nUNTrsLhug==",
      "requires": {
        "@aws-sdk/is-array-buffer": "3.29.0",
        "tslib": "^2.3.0"
      }
    },
    "@aws-sdk/util-credentials": {
      "version": "3.29.0",
      "resolved": "https://registry.npmjs.org/@aws-sdk/util-credentials/-/util-credentials-3.29.0.tgz",
      "integrity": "sha512-xCWQizP5d6SwbwB2HmxpDqu0WYY7/E7pNrZ+7tSMrJxZlT8Zsd+lFaO23JVFMEBqjjBnpLBr+XkNZgOpD1BYwA==",
      "requires": {
        "@aws-sdk/shared-ini-file-loader": "3.29.0",
        "tslib": "^2.3.0"
      }
    },
    "@aws-sdk/util-hex-encoding": {
      "version": "3.29.0",
      "resolved": "https://registry.npmjs.org/@aws-sdk/util-hex-encoding/-/util-hex-encoding-3.29.0.tgz",
      "integrity": "sha512-YZ9fhJ2HKnnPL+8M9/YMFo4906Cvh1NaVOZT61joPM5Vv1rSYXdD1/tvn2qNjVhAJAGFWdBsIqZWw43km5DNpw==",
      "requires": {
        "tslib": "^2.3.0"
      }
    },
    "@aws-sdk/util-locate-window": {
      "version": "3.29.0",
      "resolved": "https://registry.npmjs.org/@aws-sdk/util-locate-window/-/util-locate-window-3.29.0.tgz",
      "integrity": "sha512-gvcbl9UdTOvuCCzgbtTTsKnL1l/cnT/CFl0f6ZCQ6qubUTRCuL/aK8DvgWa1n9p/ddCiVKPLmHu/L1xtX4gc0A==",
      "requires": {
        "tslib": "^2.3.0"
      }
    },
    "@aws-sdk/util-uri-escape": {
      "version": "3.29.0",
      "resolved": "https://registry.npmjs.org/@aws-sdk/util-uri-escape/-/util-uri-escape-3.29.0.tgz",
      "integrity": "sha512-js834TiNTdwIZOxmGSCPiLETUoc2JslY07D6A+yLNI/kZmmTHa0tKCyPxMqo7LBb+iU9ymky2LLJuDGp6aZNHw==",
      "requires": {
        "tslib": "^2.3.0"
      }
    },
    "@aws-sdk/util-user-agent-browser": {
      "version": "3.29.0",
      "resolved": "https://registry.npmjs.org/@aws-sdk/util-user-agent-browser/-/util-user-agent-browser-3.29.0.tgz",
      "integrity": "sha512-se9WLQS3H36u8FUA3/DfnzH3LU77QBRpJN4FmQtcQHR3A5mR2tRty+eOrvIf2R4QtveMWXrQbvScTrca7ZFZug==",
      "requires": {
        "@aws-sdk/types": "3.29.0",
        "bowser": "^2.11.0",
        "tslib": "^2.3.0"
      }
    },
    "@aws-sdk/util-user-agent-node": {
      "version": "3.29.0",
      "resolved": "https://registry.npmjs.org/@aws-sdk/util-user-agent-node/-/util-user-agent-node-3.29.0.tgz",
      "integrity": "sha512-atyjuDnD1WtIR1sZzcCJcD0JyYKGZ6bYqAhh/apaiPs0LoTyaFGYN8K7wSr3gL8PqD9YYNKfiNiPU3AbY6pW5A==",
      "requires": {
        "@aws-sdk/node-config-provider": "3.29.0",
        "@aws-sdk/types": "3.29.0",
        "tslib": "^2.3.0"
      }
    },
    "@aws-sdk/util-utf8-browser": {
      "version": "3.29.0",
      "resolved": "https://registry.npmjs.org/@aws-sdk/util-utf8-browser/-/util-utf8-browser-3.29.0.tgz",
      "integrity": "sha512-ZIHbBYByMq5vadQ1SZOQTHVtrkGAFiuypATYF5ST8YB3j7XKvflv+fiBX2xQ8xpqb28noEg6dNPnvqkQQ1n/aw==",
      "requires": {
        "tslib": "^2.3.0"
      }
    },
    "@aws-sdk/util-utf8-node": {
      "version": "3.29.0",
      "resolved": "https://registry.npmjs.org/@aws-sdk/util-utf8-node/-/util-utf8-node-3.29.0.tgz",
      "integrity": "sha512-CIZPDnSvtfv7MeHM/hA1fHXcXJR2f7ULjw4nXsX/BLaKGKf/O6IhOXPt1ecUIpGeUrCgPCqxkDjmThUCa87Bcg==",
      "requires": {
        "@aws-sdk/util-buffer-from": "3.29.0",
        "tslib": "^2.3.0"
      }
    },
    "@aws-sdk/util-waiter": {
      "version": "3.29.0",
      "resolved": "https://registry.npmjs.org/@aws-sdk/util-waiter/-/util-waiter-3.29.0.tgz",
      "integrity": "sha512-9qNsX+yRpX8xE0eW9qHZCy7W6+MFkYFR10umSPVl9gc5p+RViQwS0D2wVYmQblrqGK6VpK+wAb3faFf6KaDesg==",
      "requires": {
        "@aws-sdk/abort-controller": "3.29.0",
        "@aws-sdk/types": "3.29.0",
        "tslib": "^2.3.0"
      }
    },
    "ajv": {
      "version": "6.12.6",
      "resolved": "https://registry.npmjs.org/ajv/-/ajv-6.12.6.tgz",
      "integrity": "sha512-j3fVLgvTo527anyYyJOGTYJbG+vnnQYvE0m5mmkc1TK+nxAppkCLMIL0aZ4dblVCNoGShhm+kzE4ZUykBoMg4g==",
      "requires": {
        "fast-deep-equal": "^3.1.1",
        "fast-json-stable-stringify": "^2.0.0",
        "json-schema-traverse": "^0.4.1",
        "uri-js": "^4.2.2"
      }
    },
    "asn1": {
      "version": "0.2.4",
      "resolved": "https://registry.npmjs.org/asn1/-/asn1-0.2.4.tgz",
      "integrity": "sha512-jxwzQpLQjSmWXgwaCZE9Nz+glAG01yF1QnWgbhGwHI5A6FRIEY6IVqtHhIepHqI7/kyEyQEagBC5mBEFlIYvdg==",
      "requires": {
        "safer-buffer": "~2.1.0"
      }
    },
    "assert-plus": {
      "version": "1.0.0",
      "resolved": "https://registry.npmjs.org/assert-plus/-/assert-plus-1.0.0.tgz",
      "integrity": "sha1-8S4PPF13sLHN2RRpQuTpbB5N1SU="
    },
    "asynckit": {
      "version": "0.4.0",
      "resolved": "https://registry.npmjs.org/asynckit/-/asynckit-0.4.0.tgz",
      "integrity": "sha1-x57Zf380y48robyXkLzDZkdLS3k="
    },
    "aws-sign2": {
      "version": "0.7.0",
      "resolved": "https://registry.npmjs.org/aws-sign2/-/aws-sign2-0.7.0.tgz",
      "integrity": "sha1-tG6JCTSpWR8tL2+G1+ap8bP+dqg="
    },
    "aws4": {
      "version": "1.11.0",
      "resolved": "https://registry.npmjs.org/aws4/-/aws4-1.11.0.tgz",
      "integrity": "sha512-xh1Rl34h6Fi1DC2WWKfxUTVqRsNnr6LsKz2+hfwDxQJWmrx8+c7ylaqBMcHfl1U1r2dsifOvKX3LQuLNZ+XSvA=="
    },
    "bcrypt-pbkdf": {
      "version": "1.0.2",
      "resolved": "https://registry.npmjs.org/bcrypt-pbkdf/-/bcrypt-pbkdf-1.0.2.tgz",
      "integrity": "sha1-pDAdOJtqQ/m2f/PKEaP2Y342Dp4=",
      "requires": {
        "tweetnacl": "^0.14.3"
      }
    },
    "bluebird": {
      "version": "3.7.2",
      "resolved": "https://registry.npmjs.org/bluebird/-/bluebird-3.7.2.tgz",
      "integrity": "sha512-XpNj6GDQzdfW+r2Wnn7xiSAd7TM3jzkxGXBGTtWKuSXv1xUV+azxAm8jdWZN06QTQk+2N2XB9jRDkvbmQmcRtg=="
    },
    "bowser": {
      "version": "2.11.0",
      "resolved": "https://registry.npmjs.org/bowser/-/bowser-2.11.0.tgz",
      "integrity": "sha512-AlcaJBi/pqqJBIQ8U9Mcpc9i8Aqxn88Skv5d+xBX006BY5u8N3mGLHa5Lgppa7L/HfwgwLgZ6NYs+Ag6uUmJRA=="
    },
    "caseless": {
      "version": "0.12.0",
      "resolved": "https://registry.npmjs.org/caseless/-/caseless-0.12.0.tgz",
      "integrity": "sha1-G2gcIf+EAzyCZUMJBolCDRhxUdw="
    },
    "combined-stream": {
      "version": "1.0.8",
      "resolved": "https://registry.npmjs.org/combined-stream/-/combined-stream-1.0.8.tgz",
      "integrity": "sha512-FQN4MRfuJeHf7cBbBMJFXhKSDq+2kAArBlmRBvcvFE5BB1HZKXtSFASDhdlz9zOYwxh8lDdnvmMOe/+5cdoEdg==",
      "requires": {
        "delayed-stream": "~1.0.0"
      }
    },
    "core-util-is": {
      "version": "1.0.2",
      "resolved": "https://registry.npmjs.org/core-util-is/-/core-util-is-1.0.2.tgz",
      "integrity": "sha1-tf1UIgqivFq1eqtxQMlAdUUDwac="
    },
    "dashdash": {
      "version": "1.14.1",
      "resolved": "https://registry.npmjs.org/dashdash/-/dashdash-1.14.1.tgz",
      "integrity": "sha1-hTz6D3y+L+1d4gMmuN1YEDX24vA=",
      "requires": {
        "assert-plus": "^1.0.0"
      }
    },
    "debug": {
      "version": "2.6.9",
      "resolved": "https://registry.npmjs.org/debug/-/debug-2.6.9.tgz",
      "integrity": "sha512-bC7ElrdJaJnPbAP+1EotYvqZsb3ecl5wi6Bfi6BJTUcNowp6cvspg0jXznRTKDjm/E7AdgFBVeAPVMNcKGsHMA==",
      "requires": {
        "ms": "2.0.0"
      }
    },
    "delayed-stream": {
      "version": "1.0.0",
      "resolved": "https://registry.npmjs.org/delayed-stream/-/delayed-stream-1.0.0.tgz",
      "integrity": "sha1-3zrhmayt+31ECqrgsp4icrJOxhk="
    },
    "ecc-jsbn": {
      "version": "0.1.2",
      "resolved": "https://registry.npmjs.org/ecc-jsbn/-/ecc-jsbn-0.1.2.tgz",
      "integrity": "sha1-OoOpBOVDUyh4dMVkt1SThoSamMk=",
      "requires": {
        "jsbn": "~0.1.0",
        "safer-buffer": "^2.1.0"
      }
    },
    "entities": {
      "version": "2.2.0",
      "resolved": "https://registry.npmjs.org/entities/-/entities-2.2.0.tgz",
      "integrity": "sha512-p92if5Nz619I0w+akJrLZH0MX0Pb5DX39XOwQTtXSdQQOaYH03S1uIQp4mhOZtAXrxq4ViO67YTiLBo2638o9A=="
    },
    "extend": {
      "version": "3.0.2",
      "resolved": "https://registry.npmjs.org/extend/-/extend-3.0.2.tgz",
      "integrity": "sha512-fjquC59cD7CyW6urNXK0FBufkZcoiGG80wTuPujX590cB5Ttln20E2UB4S/WARVqhXffZl2LNgS+gQdPIIim/g=="
    },
    "extsprintf": {
      "version": "1.3.0",
      "resolved": "https://registry.npmjs.org/extsprintf/-/extsprintf-1.3.0.tgz",
      "integrity": "sha1-lpGEQOMEGnpBT4xS48V06zw+HgU="
    },
    "fast-deep-equal": {
      "version": "3.1.3",
      "resolved": "https://registry.npmjs.org/fast-deep-equal/-/fast-deep-equal-3.1.3.tgz",
      "integrity": "sha512-f3qQ9oQy9j2AhBe/H9VC91wLmKBCCU/gDOnKNAYG5hswO7BLKj09Hc5HYNz9cGI++xlpDCIgDaitVs03ATR84Q=="
    },
    "fast-json-stable-stringify": {
      "version": "2.1.0",
      "resolved": "https://registry.npmjs.org/fast-json-stable-stringify/-/fast-json-stable-stringify-2.1.0.tgz",
      "integrity": "sha512-lhd/wF+Lk98HZoTCtlVraHtfh5XYijIjalXck7saUtuanSDyLMxnHhSXEDJqHxD7msR8D0uCmqlkwjCV8xvwHw=="
    },
    "fast-xml-parser": {
      "version": "3.19.0",
      "resolved": "https://registry.npmjs.org/fast-xml-parser/-/fast-xml-parser-3.19.0.tgz",
      "integrity": "sha512-4pXwmBplsCPv8FOY1WRakF970TjNGnGnfbOnLqjlYvMiF1SR3yOHyxMR/YCXpPTOspNF5gwudqktIP4VsWkvBg=="
    },
    "forever-agent": {
      "version": "0.6.1",
      "resolved": "https://registry.npmjs.org/forever-agent/-/forever-agent-0.6.1.tgz",
      "integrity": "sha1-+8cfDEGt6zf5bFd60e1C2P2sypE="
    },
    "form-data": {
      "version": "2.3.3",
      "resolved": "https://registry.npmjs.org/form-data/-/form-data-2.3.3.tgz",
      "integrity": "sha512-1lLKB2Mu3aGP1Q/2eCOx0fNbRMe7XdwktwOruhfqqd0rIJWwN4Dh+E3hrPSlDCXnSR7UtZ1N38rVXm+6+MEhJQ==",
      "requires": {
        "asynckit": "^0.4.0",
        "combined-stream": "^1.0.6",
        "mime-types": "^2.1.12"
      }
    },
    "getpass": {
      "version": "0.1.7",
      "resolved": "https://registry.npmjs.org/getpass/-/getpass-0.1.7.tgz",
      "integrity": "sha1-Xv+OPmhNVprkyysSgmBOi6YhSfo=",
      "requires": {
        "assert-plus": "^1.0.0"
      }
    },
    "har-schema": {
      "version": "2.0.0",
      "resolved": "https://registry.npmjs.org/har-schema/-/har-schema-2.0.0.tgz",
      "integrity": "sha1-qUwiJOvKwEeCoNkDVSHyRzW37JI="
    },
    "har-validator": {
      "version": "5.1.5",
      "resolved": "https://registry.npmjs.org/har-validator/-/har-validator-5.1.5.tgz",
      "integrity": "sha512-nmT2T0lljbxdQZfspsno9hgrG3Uir6Ks5afism62poxqBM6sDnMEuPmzTq8XN0OEwqKLLdh1jQI3qyE66Nzb3w==",
      "requires": {
        "ajv": "^6.12.3",
        "har-schema": "^2.0.0"
      }
    },
    "http-signature": {
      "version": "1.2.0",
      "resolved": "https://registry.npmjs.org/http-signature/-/http-signature-1.2.0.tgz",
      "integrity": "sha1-muzZJRFHcvPZW2WmCruPfBj7rOE=",
      "requires": {
        "assert-plus": "^1.0.0",
        "jsprim": "^1.2.2",
        "sshpk": "^1.7.0"
      }
    },
    "is-typedarray": {
      "version": "1.0.0",
      "resolved": "https://registry.npmjs.org/is-typedarray/-/is-typedarray-1.0.0.tgz",
      "integrity": "sha1-5HnICFjfDBsR3dppQPlgEfzaSpo="
    },
    "isstream": {
      "version": "0.1.2",
      "resolved": "https://registry.npmjs.org/isstream/-/isstream-0.1.2.tgz",
      "integrity": "sha1-R+Y/evVa+m+S4VAOaQ64uFKcCZo="
    },
    "jsbn": {
      "version": "0.1.1",
      "resolved": "https://registry.npmjs.org/jsbn/-/jsbn-0.1.1.tgz",
      "integrity": "sha1-peZUwuWi3rXyAdls77yoDA7y9RM="
    },
    "json-schema": {
      "version": "0.2.3",
      "resolved": "https://registry.npmjs.org/json-schema/-/json-schema-0.2.3.tgz",
      "integrity": "sha1-tIDIkuWaLwWVTOcnvT8qTogvnhM="
    },
    "json-schema-traverse": {
      "version": "0.4.1",
      "resolved": "https://registry.npmjs.org/json-schema-traverse/-/json-schema-traverse-0.4.1.tgz",
      "integrity": "sha512-xbbCH5dCYU5T8LcEhhuh7HJ88HXuW3qsI3Y0zOZFKfZEHcpWiHU/Jxzk629Brsab/mMiHQti9wMP+845RPe3Vg=="
    },
    "json-stringify-safe": {
      "version": "5.0.1",
      "resolved": "https://registry.npmjs.org/json-stringify-safe/-/json-stringify-safe-5.0.1.tgz",
      "integrity": "sha1-Epai1Y/UXxmg9s4B1lcB4sc1tus="
    },
    "jsprim": {
      "version": "1.4.1",
      "resolved": "https://registry.npmjs.org/jsprim/-/jsprim-1.4.1.tgz",
      "integrity": "sha1-MT5mvB5cwG5Di8G3SZwuXFastqI=",
      "requires": {
        "assert-plus": "1.0.0",
        "extsprintf": "1.3.0",
        "json-schema": "0.2.3",
        "verror": "1.10.0"
      }
    },
    "lodash": {
      "version": "4.17.21",
      "resolved": "https://registry.npmjs.org/lodash/-/lodash-4.17.21.tgz",
      "integrity": "sha512-v2kDEe57lecTulaDIuNTPy3Ry4gLGJ6Z1O3vE1krgXZNrsQ+LFTGHVxVjcXPs17LhbZVGedAJv8XZ1tvj5FvSg=="
    },
    "mime-db": {
      "version": "1.49.0",
      "resolved": "https://registry.npmjs.org/mime-db/-/mime-db-1.49.0.tgz",
      "integrity": "sha512-CIc8j9URtOVApSFCQIF+VBkX1RwXp/oMMOrqdyXSBXq5RWNEsRfyj1kiRnQgmNXmHxPoFIxOroKA3zcU9P+nAA=="
    },
    "mime-types": {
      "version": "2.1.32",
      "resolved": "https://registry.npmjs.org/mime-types/-/mime-types-2.1.32.tgz",
      "integrity": "sha512-hJGaVS4G4c9TSMYh2n6SQAGrC4RnfU+daP8G7cSCmaqNjiOoUY0VHCMS42pxnQmVF1GWwFhbHWn3RIxCqTmZ9A==",
      "requires": {
        "mime-db": "1.49.0"
      }
    },
    "mnemonist": {
      "version": "0.38.3",
      "resolved": "https://registry.npmjs.org/mnemonist/-/mnemonist-0.38.3.tgz",
      "integrity": "sha512-2K9QYubXx/NAjv4VLq1d1Ly8pWNC5L3BrixtdkyTegXWJIqY+zLNDhhX/A+ZwWt70tB1S8H4BE8FLYEFyNoOBw==",
      "requires": {
        "obliterator": "^1.6.1"
      }
    },
    "moment": {
      "version": "2.29.1",
      "resolved": "https://registry.npmjs.org/moment/-/moment-2.29.1.tgz",
      "integrity": "sha512-kHmoybcPV8Sqy59DwNDY3Jefr64lK/by/da0ViFcuA4DH0vQg5Q6Ze5VimxkfQNSC+Mls/Kx53s7TjP1RhFEDQ=="
    },
    "moment-timezone": {
      "version": "0.5.33",
      "resolved": "https://registry.npmjs.org/moment-timezone/-/moment-timezone-0.5.33.tgz",
      "integrity": "sha512-PTc2vcT8K9J5/9rDEPe5czSIKgLoGsH8UNpA4qZTVw0Vd/Uz19geE9abbIOQKaAQFcnQ3v5YEXrbSc5BpshH+w==",
      "requires": {
        "moment": ">= 2.9.0"
      }
    },
    "ms": {
      "version": "2.0.0",
      "resolved": "https://registry.npmjs.org/ms/-/ms-2.0.0.tgz",
      "integrity": "sha1-VgiurfwAvmwpAd9fmGF4jeDVl8g="
    },
    "oauth-sign": {
      "version": "0.9.0",
      "resolved": "https://registry.npmjs.org/oauth-sign/-/oauth-sign-0.9.0.tgz",
      "integrity": "sha512-fexhUFFPTGV8ybAtSIGbV6gOkSv8UtRbDBnAyLQw4QPKkgNlsH2ByPGtMUqdWkos6YCRmAqViwgZrJc/mRDzZQ=="
    },
    "obliterator": {
      "version": "1.6.1",
      "resolved": "https://registry.npmjs.org/obliterator/-/obliterator-1.6.1.tgz",
      "integrity": "sha512-9WXswnqINnnhOG/5SLimUlzuU1hFJUc8zkwyD59Sd+dPOMf05PmnYG/d6Q7HZ+KmgkZJa1PxRso6QdM3sTNHig=="
    },
    "performance-now": {
      "version": "2.1.0",
      "resolved": "https://registry.npmjs.org/performance-now/-/performance-now-2.1.0.tgz",
      "integrity": "sha1-Ywn04OX6kT7BxpMHrjZLSzd8nns="
    },
    "psl": {
      "version": "1.8.0",
      "resolved": "https://registry.npmjs.org/psl/-/psl-1.8.0.tgz",
      "integrity": "sha512-RIdOzyoavK+hA18OGGWDqUTsCLhtA7IcZ/6NCs4fFJaHBDab+pDDmDIByWFRQJq2Cd7r1OoQxBGKOaztq+hjIQ=="
    },
    "punycode": {
      "version": "2.1.1",
      "resolved": "https://registry.npmjs.org/punycode/-/punycode-2.1.1.tgz",
      "integrity": "sha512-XRsRjdf+j5ml+y/6GKHPZbrF/8p2Yga0JPtdqTIY2Xe5ohJPD9saDJJLPvp9+NSBprVvevdXZybnj2cv8OEd0A=="
    },
    "qs": {
      "version": "6.5.2",
      "resolved": "https://registry.npmjs.org/qs/-/qs-6.5.2.tgz",
      "integrity": "sha512-N5ZAX4/LxJmF+7wN74pUD6qAh9/wnvdQcjq9TZjevvXzSUo7bfmw91saqMjzGS2xq91/odN2dW/WOl7qQHNDGA=="
    },
    "request": {
      "version": "2.88.2",
      "resolved": "https://registry.npmjs.org/request/-/request-2.88.2.tgz",
      "integrity": "sha512-MsvtOrfG9ZcrOwAW+Qi+F6HbD0CWXEh9ou77uOb7FM2WPhwT7smM833PzanhJLsgXjN89Ir6V2PczXNnMpwKhw==",
      "requires": {
        "aws-sign2": "~0.7.0",
        "aws4": "^1.8.0",
        "caseless": "~0.12.0",
        "combined-stream": "~1.0.6",
        "extend": "~3.0.2",
        "forever-agent": "~0.6.1",
        "form-data": "~2.3.2",
        "har-validator": "~5.1.3",
        "http-signature": "~1.2.0",
        "is-typedarray": "~1.0.0",
        "isstream": "~0.1.2",
        "json-stringify-safe": "~5.0.1",
        "mime-types": "~2.1.19",
        "oauth-sign": "~0.9.0",
        "performance-now": "^2.1.0",
        "qs": "~6.5.2",
        "safe-buffer": "^5.1.2",
        "tough-cookie": "~2.5.0",
        "tunnel-agent": "^0.6.0",
        "uuid": "^3.3.2"
      },
      "dependencies": {
        "uuid": {
          "version": "3.4.0",
          "resolved": "https://registry.npmjs.org/uuid/-/uuid-3.4.0.tgz",
          "integrity": "sha512-HjSDRw6gZE5JMggctHBcjVak08+KEVhSIiDzFnT9S9aegmp85S/bReBVTb4QTFaRNptJ9kuYaNhnbNEOkbKb/A=="
        }
      }
    },
    "request-promise": {
      "version": "4.2.6",
      "resolved": "https://registry.npmjs.org/request-promise/-/request-promise-4.2.6.tgz",
      "integrity": "sha512-HCHI3DJJUakkOr8fNoCc73E5nU5bqITjOYFMDrKHYOXWXrgD/SBaC7LjwuPymUprRyuF06UK7hd/lMHkmUXglQ==",
      "requires": {
        "bluebird": "^3.5.0",
        "request-promise-core": "1.1.4",
        "stealthy-require": "^1.1.1",
        "tough-cookie": "^2.3.3"
      }
    },
    "request-promise-core": {
      "version": "1.1.4",
      "resolved": "https://registry.npmjs.org/request-promise-core/-/request-promise-core-1.1.4.tgz",
      "integrity": "sha512-TTbAfBBRdWD7aNNOoVOBH4pN/KigV6LyapYNNlAPA8JwbovRti1E88m3sYAwsLi5ryhPKsE9APwnjFTgdUjTpw==",
      "requires": {
        "lodash": "^4.17.19"
      }
    },
    "safe-buffer": {
      "version": "5.2.1",
      "resolved": "https://registry.npmjs.org/safe-buffer/-/safe-buffer-5.2.1.tgz",
      "integrity": "sha512-rp3So07KcdmmKbGvgaNxQSJr7bGVSVk5S9Eq1F+ppbRo70+YeaDxkw5Dd8NPN+GD6bjnYm2VuPuCXmpuYvmCXQ=="
    },
    "safer-buffer": {
      "version": "2.1.2",
      "resolved": "https://registry.npmjs.org/safer-buffer/-/safer-buffer-2.1.2.tgz",
      "integrity": "sha512-YZo3K82SD7Riyi0E1EQPojLz7kpepnSQI9IyPbHHg1XXXevb5dJI7tpyN2ADxGcQbHG7vcyRHk0cbwqcQriUtg=="
    },
    "sshpk": {
      "version": "1.16.1",
      "resolved": "https://registry.npmjs.org/sshpk/-/sshpk-1.16.1.tgz",
      "integrity": "sha512-HXXqVUq7+pcKeLqqZj6mHFUMvXtOJt1uoUx09pFW6011inTMxqI8BA8PM95myrIyyKwdnzjdFjLiE6KBPVtJIg==",
      "requires": {
        "asn1": "~0.2.3",
        "assert-plus": "^1.0.0",
        "bcrypt-pbkdf": "^1.0.0",
        "dashdash": "^1.12.0",
        "ecc-jsbn": "~0.1.1",
        "getpass": "^0.1.1",
        "jsbn": "~0.1.0",
        "safer-buffer": "^2.0.2",
        "tweetnacl": "~0.14.0"
      }
    },
    "stealthy-require": {
      "version": "1.1.1",
      "resolved": "https://registry.npmjs.org/stealthy-require/-/stealthy-require-1.1.1.tgz",
      "integrity": "sha1-NbCYdbT/SfJqd35QmzCQoyJr8ks="
    },
    "string": {
      "version": "3.3.3",
      "resolved": "https://registry.npmjs.org/string/-/string-3.3.3.tgz",
      "integrity": "sha1-XqIRzZLSKOGEKUmQpsyXs2anfLA="
    },
    "tough-cookie": {
      "version": "2.5.0",
      "resolved": "https://registry.npmjs.org/tough-cookie/-/tough-cookie-2.5.0.tgz",
      "integrity": "sha512-nlLsUzgm1kfLXSXfRZMc1KLAugd4hqJHDTvc2hDIwS3mZAfMEuMbc03SujMF+GEcpaX/qboeycw6iO8JwVv2+g==",
      "requires": {
        "psl": "^1.1.28",
        "punycode": "^2.1.1"
      }
    },
    "tslib": {
      "version": "2.3.1",
      "resolved": "https://registry.npmjs.org/tslib/-/tslib-2.3.1.tgz",
      "integrity": "sha512-77EbyPPpMz+FRFRuAFlWMtmgUWGe9UOG2Z25NqCwiIjRhOf5iKGuzSe5P2w1laq+FkRy4p+PCuVkJSGkzTEKVw=="
    },
    "tunnel-agent": {
      "version": "0.6.0",
      "resolved": "https://registry.npmjs.org/tunnel-agent/-/tunnel-agent-0.6.0.tgz",
      "integrity": "sha1-J6XeoGs2sEoKmWZ3SykIaPD8QP0=",
      "requires": {
        "safe-buffer": "^5.0.1"
      }
    },
    "tweetnacl": {
      "version": "0.14.5",
      "resolved": "https://registry.npmjs.org/tweetnacl/-/tweetnacl-0.14.5.tgz",
      "integrity": "sha1-WuaBd/GS1EViadEIr6k/+HQ/T2Q="
    },
    "uri-js": {
      "version": "4.4.1",
      "resolved": "https://registry.npmjs.org/uri-js/-/uri-js-4.4.1.tgz",
      "integrity": "sha512-7rKUyy33Q1yc98pQ1DAmLtwX109F7TIfWlW1Ydo8Wl1ii1SeHieeh0HHfPeL2fMXK6z0s8ecKs9frCuLJvndBg==",
      "requires": {
        "punycode": "^2.1.0"
      }
    },
    "uuid": {
      "version": "8.3.2",
      "resolved": "https://registry.npmjs.org/uuid/-/uuid-8.3.2.tgz",
      "integrity": "sha512-+NYs2QeMWy+GWFOEm9xnn6HCDp0l7QBD7ml8zLUmJ+93Q5NF0NocErnwkTkXVFNiX3/fpC6afS8Dhb/gz7R7eg=="
    },
    "verror": {
      "version": "1.10.0",
      "resolved": "https://registry.npmjs.org/verror/-/verror-1.10.0.tgz",
      "integrity": "sha1-OhBcoXBTr1XW4nDB+CiGguGNpAA=",
      "requires": {
        "assert-plus": "^1.0.0",
        "core-util-is": "1.0.2",
        "extsprintf": "^1.2.0"
      }
    },
    "yahoo-finance": {
      "version": "0.3.7",
      "resolved": "https://registry.npmjs.org/yahoo-finance/-/yahoo-finance-0.3.7.tgz",
      "integrity": "sha512-+Gu/2hTwqpNJVNP/11bxVB9b9cpLjSq2Fncqm9SYf+0WWrK0z3l4CkCESnxxtmgbocpIhkFFx5+sa0yD7PmYxQ==",
      "requires": {
        "bluebird": "^3.4.6",
        "debug": "^2.3.3",
        "lodash": "^4.17.2",
        "moment": "^2.17.1",
        "moment-timezone": "^0.5.10",
        "request": "^2.79.0",
        "request-promise": "^4.2.1",
        "string": "^3.3.3",
        "tough-cookie": "^2.3.2"
      }
    }
  }
}
